
Microsoft Visual Studio Solution File, Format Version 12.00
# Visual Studio Version 16
VisualStudioVersion = 16.0.30804.86
MinimumVisualStudioVersion = 10.0.40219.1
Project("{9A19103F-16F7-4668-BE54-9A1E7A4F7556}") = "Entities", "Entities\Entities.csproj", "{7742AB06-059E-4119-8D0D-B9BBD138BC79}"
EndProject
Project("{9A19103F-16F7-4668-BE54-9A1E7A4F7556}") = "DataAccess", "DataAccess\DataAccess.csproj", "{873F812B-62FA-40F4-8DC5-1897E07B9C98}"
EndProject
Project("{9A19103F-16F7-4668-BE54-9A1E7A4F7556}") = "Business", "Business\Business.csproj", "{BE8EE055-1BAD-454D-90BA-2248A5F25343}"
EndProject
Project("{9A19103F-16F7-4668-BE54-9A1E7A4F7556}") = "ConsoleUI", "Console\ConsoleUI.csproj", "{28DC48EB-2C8C-4D06-80F9-0E5B29A6471B}"
EndProject
Project("{FAE04EC0-301F-11D3-BF4B-00C04F79EFBC}") = "Core", "Core\Core.csproj", "{91A33D21-1AB3-47D9-9CF1-9CB5D62C29C1}"
EndProject
Global
	GlobalSection(SolutionConfigurationPlatforms) = preSolution
		Debug|Any CPU = Debug|Any CPU
		Release|Any CPU = Release|Any CPU
	EndGlobalSection
	GlobalSection(ProjectConfigurationPlatforms) = postSolution
		{7742AB06-059E-4119-8D0D-B9BBD138BC79}.Debug|Any CPU.ActiveCfg = Debug|Any CPU
		{7742AB06-059E-4119-8D0D-B9BBD138BC79}.Debug|Any CPU.Build.0 = Debug|Any CPU
		{7742AB06-059E-4119-8D0D-B9BBD138BC79}.Release|Any CPU.ActiveCfg = Release|Any CPU
		{7742AB06-059E-4119-8D0D-B9BBD138BC79}.Release|Any CPU.Build.0 = Release|Any CPU
		{873F812B-62FA-40F4-8DC5-1897E07B9C98}.Debug|Any CPU.ActiveCfg = Debug|Any CPU
		{873F812B-62FA-40F4-8DC5-1897E07B9C98}.Debug|Any CPU.Build.0 = Debug|Any CPU
		{873F812B-62FA-40F4-8DC5-1897E07B9C98}.Release|Any CPU.ActiveCfg = Release|Any CPU
		{873F812B-62FA-40F4-8DC5-1897E07B9C98}.Release|Any CPU.Build.0 = Release|Any CPU
		{BE8EE055-1BAD-454D-90BA-2248A5F25343}.Debug|Any CPU.ActiveCfg = Debug|Any CPU
		{BE8EE055-1BAD-454D-90BA-2248A5F25343}.Debug|Any CPU.Build.0 = Debug|Any CPU
		{BE8EE055-1BAD-454D-90BA-2248A5F25343}.Release|Any CPU.ActiveCfg = Release|Any CPU
		{BE8EE055-1BAD-454D-90BA-2248A5F25343}.Release|Any CPU.Build.0 = Release|Any CPU
		{28DC48EB-2C8C-4D06-80F9-0E5B29A6471B}.Debug|Any CPU.ActiveCfg = Debug|Any CPU
		{28DC48EB-2C8C-4D06-80F9-0E5B29A6471B}.Debug|Any CPU.Build.0 = Debug|Any CPU
		{28DC48EB-2C8C-4D06-80F9-0E5B29A6471B}.Release|Any CPU.ActiveCfg = Release|Any CPU
		{28DC48EB-2C8C-4D06-80F9-0E5B29A6471B}.Release|Any CPU.Build.0 = Release|Any CPU
		{91A33D21-1AB3-47D9-9CF1-9CB5D62C29C1}.Debug|Any CPU.ActiveCfg = Debug|Any CPU
		{91A33D21-1AB3-47D9-9CF1-9CB5D62C29C1}.Debug|Any CPU.Build.0 = Debug|Any CPU
		{91A33D21-1AB3-47D9-9CF1-9CB5D62C29C1}.Release|Any CPU.ActiveCfg = Release|Any CPU
		{91A33D21-1AB3-47D9-9CF1-9CB5D62C29C1}.Release|Any CPU.Build.0 = Release|Any CPU
	EndGlobalSection
	GlobalSection(SolutionProperties) = preSolution
		HideSolutionNode = FALSE
	EndGlobalSection
	GlobalSection(ExtensibilityGlobals) = postSolution
		SolutionGuid = {24F10E67-B0C3-437A-ADE3-F738BEA3CAB2}
	EndGlobalSection
EndGlobal
